
Microsoft Visual Studio Solution File, Format Version 12.00
# Visual Studio 2012
Project("{FAE04EC0-301F-11D3-BF4B-00C04F79EFBC}") = "TMD", "TMD\TMD.csproj", "{43C1791D-5894-4EB6-9772-1E1470FA80CF}"
EndProject
Project("{FAE04EC0-301F-11D3-BF4B-00C04F79EFBC}") = "TMD.Infrastructure", "TMD.Infrastructure\TMD.Infrastructure.csproj", "{FB757EFB-7C14-48EC-A77A-4B2415FA6060}"
EndProject
Project("{FAE04EC0-301F-11D3-BF4B-00C04F79EFBC}") = "TMD.Model", "TMD.Model\TMD.Model.csproj", "{82C94CBA-58DA-46EA-A3F6-9786EB32CC17}"
EndProject
Project("{FAE04EC0-301F-11D3-BF4B-00C04F79EFBC}") = "TMD.UnitTests", "TMD.UnitTests\TMD.UnitTests.csproj", "{D6AEC681-3CF5-4872-A15F-FC45AA16FFEC}"
EndProject
Project("{FAE04EC0-301F-11D3-BF4B-00C04F79EFBC}") = "TMD.Utilities", "TMD.Utilities\TMD.Utilities.csproj", "{40B9C1F5-CB1A-4C65-9C9E-88A621AE4A46}"
EndProject
Project("{FAE04EC0-301F-11D3-BF4B-00C04F79EFBC}") = "Tmd.Migrations", "Tmd.Migrations\Tmd.Migrations.csproj", "{5F70BC5D-218D-42A2-9122-62BB5151D25C}"
EndProject
Project("{2150E333-8FDC-42A3-9474-1A3956D46DE8}") = "Deployment", "Deployment", "{A39C690B-1C34-4DDF-BE0D-F98ADEA57F13}"
EndProject
Project("{2150E333-8FDC-42A3-9474-1A3956D46DE8}") = "Tests", "Tests", "{AAB4F52A-E7BD-4389-A444-3DBA57085D31}"
EndProject
Project("{FAE04EC0-301F-11D3-BF4B-00C04F79EFBC}") = "Tmd.WindowsAzure", "Tmd.WindowsAzure\Tmd.WindowsAzure.csproj", "{5D59B2E3-9FF2-4058-8E0F-D10BF3792B4B}"
EndProject
Project("{2150E333-8FDC-42A3-9474-1A3956D46DE8}") = "Tools", "Tools", "{1A605D2B-D05E-48CA-B0A1-AEC87B27CC65}"
EndProject
Project("{FAE04EC0-301F-11D3-BF4B-00C04F79EFBC}") = "Tmd.Tools.LogViewer", "Tmd.Tools.LogViewer\Tmd.Tools.LogViewer.csproj", "{43FD6D80-5B66-42B1-B0CE-DCDC7995A2C1}"
EndProject
Global
	GlobalSection(SolutionConfigurationPlatforms) = preSolution
		Debug|Any CPU = Debug|Any CPU
		Release|Any CPU = Release|Any CPU
	EndGlobalSection
	GlobalSection(ProjectConfigurationPlatforms) = postSolution
		{43C1791D-5894-4EB6-9772-1E1470FA80CF}.Debug|Any CPU.ActiveCfg = Debug|Any CPU
		{43C1791D-5894-4EB6-9772-1E1470FA80CF}.Debug|Any CPU.Build.0 = Debug|Any CPU
		{43C1791D-5894-4EB6-9772-1E1470FA80CF}.Release|Any CPU.ActiveCfg = Release|Any CPU
		{43C1791D-5894-4EB6-9772-1E1470FA80CF}.Release|Any CPU.Build.0 = Release|Any CPU
		{FB757EFB-7C14-48EC-A77A-4B2415FA6060}.Debug|Any CPU.ActiveCfg = Debug|Any CPU
		{FB757EFB-7C14-48EC-A77A-4B2415FA6060}.Debug|Any CPU.Build.0 = Debug|Any CPU
		{FB757EFB-7C14-48EC-A77A-4B2415FA6060}.Release|Any CPU.ActiveCfg = Release|Any CPU
		{FB757EFB-7C14-48EC-A77A-4B2415FA6060}.Release|Any CPU.Build.0 = Release|Any CPU
		{82C94CBA-58DA-46EA-A3F6-9786EB32CC17}.Debug|Any CPU.ActiveCfg = Debug|Any CPU
		{82C94CBA-58DA-46EA-A3F6-9786EB32CC17}.Debug|Any CPU.Build.0 = Debug|Any CPU
		{82C94CBA-58DA-46EA-A3F6-9786EB32CC17}.Release|Any CPU.ActiveCfg = Release|Any CPU
		{82C94CBA-58DA-46EA-A3F6-9786EB32CC17}.Release|Any CPU.Build.0 = Release|Any CPU
		{D6AEC681-3CF5-4872-A15F-FC45AA16FFEC}.Debug|Any CPU.ActiveCfg = Debug|Any CPU
		{D6AEC681-3CF5-4872-A15F-FC45AA16FFEC}.Debug|Any CPU.Build.0 = Debug|Any CPU
		{D6AEC681-3CF5-4872-A15F-FC45AA16FFEC}.Release|Any CPU.ActiveCfg = Release|Any CPU
		{D6AEC681-3CF5-4872-A15F-FC45AA16FFEC}.Release|Any CPU.Build.0 = Release|Any CPU
		{40B9C1F5-CB1A-4C65-9C9E-88A621AE4A46}.Debug|Any CPU.ActiveCfg = Debug|Any CPU
		{40B9C1F5-CB1A-4C65-9C9E-88A621AE4A46}.Debug|Any CPU.Build.0 = Debug|Any CPU
		{40B9C1F5-CB1A-4C65-9C9E-88A621AE4A46}.Release|Any CPU.ActiveCfg = Release|Any CPU
		{40B9C1F5-CB1A-4C65-9C9E-88A621AE4A46}.Release|Any CPU.Build.0 = Release|Any CPU
		{5F70BC5D-218D-42A2-9122-62BB5151D25C}.Debug|Any CPU.ActiveCfg = Debug|Any CPU
		{5F70BC5D-218D-42A2-9122-62BB5151D25C}.Debug|Any CPU.Build.0 = Debug|Any CPU
		{5F70BC5D-218D-42A2-9122-62BB5151D25C}.Release|Any CPU.ActiveCfg = Release|Any CPU
		{5F70BC5D-218D-42A2-9122-62BB5151D25C}.Release|Any CPU.Build.0 = Release|Any CPU
		{5D59B2E3-9FF2-4058-8E0F-D10BF3792B4B}.Debug|Any CPU.ActiveCfg = Debug|Any CPU
		{5D59B2E3-9FF2-4058-8E0F-D10BF3792B4B}.Debug|Any CPU.Build.0 = Debug|Any CPU
		{5D59B2E3-9FF2-4058-8E0F-D10BF3792B4B}.Release|Any CPU.ActiveCfg = Release|Any CPU
		{5D59B2E3-9FF2-4058-8E0F-D10BF3792B4B}.Release|Any CPU.Build.0 = Release|Any CPU
		{43FD6D80-5B66-42B1-B0CE-DCDC7995A2C1}.Debug|Any CPU.ActiveCfg = Debug|Any CPU
		{43FD6D80-5B66-42B1-B0CE-DCDC7995A2C1}.Debug|Any CPU.Build.0 = Debug|Any CPU
		{43FD6D80-5B66-42B1-B0CE-DCDC7995A2C1}.Release|Any CPU.ActiveCfg = Release|Any CPU
		{43FD6D80-5B66-42B1-B0CE-DCDC7995A2C1}.Release|Any CPU.Build.0 = Release|Any CPU
	EndGlobalSection
	GlobalSection(SolutionProperties) = preSolution
		HideSolutionNode = FALSE
	EndGlobalSection
	GlobalSection(NestedProjects) = preSolution
		{D6AEC681-3CF5-4872-A15F-FC45AA16FFEC} = {AAB4F52A-E7BD-4389-A444-3DBA57085D31}
		{5F70BC5D-218D-42A2-9122-62BB5151D25C} = {A39C690B-1C34-4DDF-BE0D-F98ADEA57F13}
		{5D59B2E3-9FF2-4058-8E0F-D10BF3792B4B} = {A39C690B-1C34-4DDF-BE0D-F98ADEA57F13}
		{43FD6D80-5B66-42B1-B0CE-DCDC7995A2C1} = {1A605D2B-D05E-48CA-B0A1-AEC87B27CC65}
	EndGlobalSection
EndGlobal
