
Microsoft Visual Studio Solution File, Format Version 11.00
# Visual Studio 2010
Project("{FAE04EC0-301F-11D3-BF4B-00C04F79EFBC}") = "TMD.Model", "TMD.Model\TMD.Model.csproj", "{82C94CBA-58DA-46EA-A3F6-9786EB32CC17}"
EndProject
Project("{FAE04EC0-301F-11D3-BF4B-00C04F79EFBC}") = "TMD.Application", "TMD.Application\TMD.Application.csproj", "{6BBC56F8-5B6C-4F6C-8ED9-E2BDCEAC79A1}"
EndProject
Project("{FAE04EC0-301F-11D3-BF4B-00C04F79EFBC}") = "TMD.Common", "TMD.Common\TMD.Common.csproj", "{5CE0121A-A36A-4504-8CD2-658548A79108}"
EndProject
Project("{FAE04EC0-301F-11D3-BF4B-00C04F79EFBC}") = "TMD", "TMD\TMD.csproj", "{6DAC2137-FD54-49F4-B204-59784B46F05F}"
EndProject
Project("{2150E333-8FDC-42A3-9474-1A3956D46DE8}") = "ThirdPartyAssemblies", "ThirdPartyAssemblies", "{E408F1F3-6FFB-475E-A1AF-76A6500BD730}"
	ProjectSection(SolutionItems) = preProject
		ThirdPartyAssemblies\Microsoft.Practices.EnterpriseLibrary.Common.dll = ThirdPartyAssemblies\Microsoft.Practices.EnterpriseLibrary.Common.dll
		ThirdPartyAssemblies\Microsoft.Practices.EnterpriseLibrary.Common.pdb = ThirdPartyAssemblies\Microsoft.Practices.EnterpriseLibrary.Common.pdb
		ThirdPartyAssemblies\Microsoft.Practices.EnterpriseLibrary.Common.xml = ThirdPartyAssemblies\Microsoft.Practices.EnterpriseLibrary.Common.xml
		ThirdPartyAssemblies\Microsoft.Practices.EnterpriseLibrary.Validation.dll = ThirdPartyAssemblies\Microsoft.Practices.EnterpriseLibrary.Validation.dll
		ThirdPartyAssemblies\Microsoft.Practices.EnterpriseLibrary.Validation.pdb = ThirdPartyAssemblies\Microsoft.Practices.EnterpriseLibrary.Validation.pdb
		ThirdPartyAssemblies\Microsoft.Practices.EnterpriseLibrary.Validation.xml = ThirdPartyAssemblies\Microsoft.Practices.EnterpriseLibrary.Validation.xml
		ThirdPartyAssemblies\Microsoft.Practices.ServiceLocation.dll = ThirdPartyAssemblies\Microsoft.Practices.ServiceLocation.dll
		ThirdPartyAssemblies\Microsoft.Practices.ServiceLocation.pdb = ThirdPartyAssemblies\Microsoft.Practices.ServiceLocation.pdb
		ThirdPartyAssemblies\Microsoft.Practices.Unity.dll = ThirdPartyAssemblies\Microsoft.Practices.Unity.dll
		ThirdPartyAssemblies\Microsoft.Practices.Unity.Interception.dll = ThirdPartyAssemblies\Microsoft.Practices.Unity.Interception.dll
		ThirdPartyAssemblies\Microsoft.Practices.Unity.Interception.pdb = ThirdPartyAssemblies\Microsoft.Practices.Unity.Interception.pdb
		ThirdPartyAssemblies\Microsoft.Practices.Unity.pdb = ThirdPartyAssemblies\Microsoft.Practices.Unity.pdb
		ThirdPartyAssemblies\SimMetrics.dll = ThirdPartyAssemblies\SimMetrics.dll
		ThirdPartyAssemblies\SimMetrics.XML = ThirdPartyAssemblies\SimMetrics.XML
	EndProjectSection
EndProject
Project("{FAE04EC0-301F-11D3-BF4B-00C04F79EFBC}") = "TMD.SQLCLR", "TMD.SQLCLR\TMD.SQLCLR.csproj", "{6C47E89F-3A30-4D4F-B4FA-C15C94C1FADC}"
EndProject
Project("{FAE04EC0-301F-11D3-BF4B-00C04F79EFBC}") = "TMD.UnitTests", "TMD.UnitTests\TMD.UnitTests.csproj", "{D6AEC681-3CF5-4872-A15F-FC45AA16FFEC}"
EndProject
Project("{2150E333-8FDC-42A3-9474-1A3956D46DE8}") = "Solution Items", "Solution Items", "{634E847D-0E7D-4BF7-A735-57FF8D9E585E}"
	ProjectSection(SolutionItems) = preProject
		Local.testsettings = Local.testsettings
		TMD.vsmdi = TMD.vsmdi
		TraceAndTestImpact.testsettings = TraceAndTestImpact.testsettings
	EndProjectSection
EndProject
Global
	GlobalSection(TestCaseManagementSettings) = postSolution
		CategoryFile = TMD.vsmdi
	EndGlobalSection
	GlobalSection(SolutionConfigurationPlatforms) = preSolution
		Debug|Any CPU = Debug|Any CPU
		Debug|Mixed Platforms = Debug|Mixed Platforms
		Debug|x86 = Debug|x86
		Release|Any CPU = Release|Any CPU
		Release|Mixed Platforms = Release|Mixed Platforms
		Release|x86 = Release|x86
	EndGlobalSection
	GlobalSection(ProjectConfigurationPlatforms) = postSolution
		{82C94CBA-58DA-46EA-A3F6-9786EB32CC17}.Debug|Any CPU.ActiveCfg = Debug|Any CPU
		{82C94CBA-58DA-46EA-A3F6-9786EB32CC17}.Debug|Any CPU.Build.0 = Debug|Any CPU
		{82C94CBA-58DA-46EA-A3F6-9786EB32CC17}.Debug|Mixed Platforms.ActiveCfg = Debug|Any CPU
		{82C94CBA-58DA-46EA-A3F6-9786EB32CC17}.Debug|Mixed Platforms.Build.0 = Debug|Any CPU
		{82C94CBA-58DA-46EA-A3F6-9786EB32CC17}.Debug|x86.ActiveCfg = Debug|Any CPU
		{82C94CBA-58DA-46EA-A3F6-9786EB32CC17}.Release|Any CPU.ActiveCfg = Release|Any CPU
		{82C94CBA-58DA-46EA-A3F6-9786EB32CC17}.Release|Any CPU.Build.0 = Release|Any CPU
		{82C94CBA-58DA-46EA-A3F6-9786EB32CC17}.Release|Mixed Platforms.ActiveCfg = Release|Any CPU
		{82C94CBA-58DA-46EA-A3F6-9786EB32CC17}.Release|Mixed Platforms.Build.0 = Release|Any CPU
		{82C94CBA-58DA-46EA-A3F6-9786EB32CC17}.Release|x86.ActiveCfg = Release|Any CPU
		{6BBC56F8-5B6C-4F6C-8ED9-E2BDCEAC79A1}.Debug|Any CPU.ActiveCfg = Debug|Any CPU
		{6BBC56F8-5B6C-4F6C-8ED9-E2BDCEAC79A1}.Debug|Any CPU.Build.0 = Debug|Any CPU
		{6BBC56F8-5B6C-4F6C-8ED9-E2BDCEAC79A1}.Debug|Mixed Platforms.ActiveCfg = Debug|Any CPU
		{6BBC56F8-5B6C-4F6C-8ED9-E2BDCEAC79A1}.Debug|Mixed Platforms.Build.0 = Debug|Any CPU
		{6BBC56F8-5B6C-4F6C-8ED9-E2BDCEAC79A1}.Debug|x86.ActiveCfg = Debug|Any CPU
		{6BBC56F8-5B6C-4F6C-8ED9-E2BDCEAC79A1}.Release|Any CPU.ActiveCfg = Release|Any CPU
		{6BBC56F8-5B6C-4F6C-8ED9-E2BDCEAC79A1}.Release|Any CPU.Build.0 = Release|Any CPU
		{6BBC56F8-5B6C-4F6C-8ED9-E2BDCEAC79A1}.Release|Mixed Platforms.ActiveCfg = Release|Any CPU
		{6BBC56F8-5B6C-4F6C-8ED9-E2BDCEAC79A1}.Release|Mixed Platforms.Build.0 = Release|Any CPU
		{6BBC56F8-5B6C-4F6C-8ED9-E2BDCEAC79A1}.Release|x86.ActiveCfg = Release|Any CPU
		{5CE0121A-A36A-4504-8CD2-658548A79108}.Debug|Any CPU.ActiveCfg = Debug|Any CPU
		{5CE0121A-A36A-4504-8CD2-658548A79108}.Debug|Any CPU.Build.0 = Debug|Any CPU
		{5CE0121A-A36A-4504-8CD2-658548A79108}.Debug|Mixed Platforms.ActiveCfg = Debug|Any CPU
		{5CE0121A-A36A-4504-8CD2-658548A79108}.Debug|Mixed Platforms.Build.0 = Debug|Any CPU
		{5CE0121A-A36A-4504-8CD2-658548A79108}.Debug|x86.ActiveCfg = Debug|Any CPU
		{5CE0121A-A36A-4504-8CD2-658548A79108}.Release|Any CPU.ActiveCfg = Release|Any CPU
		{5CE0121A-A36A-4504-8CD2-658548A79108}.Release|Any CPU.Build.0 = Release|Any CPU
		{5CE0121A-A36A-4504-8CD2-658548A79108}.Release|Mixed Platforms.ActiveCfg = Release|Any CPU
		{5CE0121A-A36A-4504-8CD2-658548A79108}.Release|Mixed Platforms.Build.0 = Release|Any CPU
		{5CE0121A-A36A-4504-8CD2-658548A79108}.Release|x86.ActiveCfg = Release|Any CPU
		{6DAC2137-FD54-49F4-B204-59784B46F05F}.Debug|Any CPU.ActiveCfg = Debug|Any CPU
		{6DAC2137-FD54-49F4-B204-59784B46F05F}.Debug|Any CPU.Build.0 = Debug|Any CPU
		{6DAC2137-FD54-49F4-B204-59784B46F05F}.Debug|Mixed Platforms.ActiveCfg = Debug|Any CPU
		{6DAC2137-FD54-49F4-B204-59784B46F05F}.Debug|Mixed Platforms.Build.0 = Debug|Any CPU
		{6DAC2137-FD54-49F4-B204-59784B46F05F}.Debug|x86.ActiveCfg = Debug|Any CPU
		{6DAC2137-FD54-49F4-B204-59784B46F05F}.Release|Any CPU.ActiveCfg = Release|Any CPU
		{6DAC2137-FD54-49F4-B204-59784B46F05F}.Release|Any CPU.Build.0 = Release|Any CPU
		{6DAC2137-FD54-49F4-B204-59784B46F05F}.Release|Mixed Platforms.ActiveCfg = Release|Any CPU
		{6DAC2137-FD54-49F4-B204-59784B46F05F}.Release|Mixed Platforms.Build.0 = Release|Any CPU
		{6DAC2137-FD54-49F4-B204-59784B46F05F}.Release|x86.ActiveCfg = Release|Any CPU
		{6C47E89F-3A30-4D4F-B4FA-C15C94C1FADC}.Debug|Any CPU.ActiveCfg = Debug|Any CPU
		{6C47E89F-3A30-4D4F-B4FA-C15C94C1FADC}.Debug|Any CPU.Build.0 = Debug|Any CPU
		{6C47E89F-3A30-4D4F-B4FA-C15C94C1FADC}.Debug|Mixed Platforms.ActiveCfg = Debug|Any CPU
		{6C47E89F-3A30-4D4F-B4FA-C15C94C1FADC}.Debug|Mixed Platforms.Build.0 = Debug|Any CPU
		{6C47E89F-3A30-4D4F-B4FA-C15C94C1FADC}.Debug|x86.ActiveCfg = Debug|Any CPU
		{6C47E89F-3A30-4D4F-B4FA-C15C94C1FADC}.Release|Any CPU.ActiveCfg = Release|Any CPU
		{6C47E89F-3A30-4D4F-B4FA-C15C94C1FADC}.Release|Any CPU.Build.0 = Release|Any CPU
		{6C47E89F-3A30-4D4F-B4FA-C15C94C1FADC}.Release|Mixed Platforms.ActiveCfg = Release|Any CPU
		{6C47E89F-3A30-4D4F-B4FA-C15C94C1FADC}.Release|Mixed Platforms.Build.0 = Release|Any CPU
		{6C47E89F-3A30-4D4F-B4FA-C15C94C1FADC}.Release|x86.ActiveCfg = Release|Any CPU
		{D6AEC681-3CF5-4872-A15F-FC45AA16FFEC}.Debug|Any CPU.ActiveCfg = Debug|Any CPU
		{D6AEC681-3CF5-4872-A15F-FC45AA16FFEC}.Debug|Any CPU.Build.0 = Debug|Any CPU
		{D6AEC681-3CF5-4872-A15F-FC45AA16FFEC}.Debug|Mixed Platforms.ActiveCfg = Debug|Any CPU
		{D6AEC681-3CF5-4872-A15F-FC45AA16FFEC}.Debug|Mixed Platforms.Build.0 = Debug|Any CPU
		{D6AEC681-3CF5-4872-A15F-FC45AA16FFEC}.Debug|x86.ActiveCfg = Debug|Any CPU
		{D6AEC681-3CF5-4872-A15F-FC45AA16FFEC}.Release|Any CPU.ActiveCfg = Release|Any CPU
		{D6AEC681-3CF5-4872-A15F-FC45AA16FFEC}.Release|Any CPU.Build.0 = Release|Any CPU
		{D6AEC681-3CF5-4872-A15F-FC45AA16FFEC}.Release|Mixed Platforms.ActiveCfg = Release|Any CPU
		{D6AEC681-3CF5-4872-A15F-FC45AA16FFEC}.Release|Mixed Platforms.Build.0 = Release|Any CPU
		{D6AEC681-3CF5-4872-A15F-FC45AA16FFEC}.Release|x86.ActiveCfg = Release|Any CPU
	EndGlobalSection
	GlobalSection(SolutionProperties) = preSolution
		HideSolutionNode = FALSE
	EndGlobalSection
EndGlobal
