
Microsoft Visual Studio Solution File, Format Version 10.00
# Visual Studio 2008
Project("{D183A3D8-5FD8-494B-B014-37F57B35E655}") = "ImportKnownTrees", "ImportKnownTrees\ImportKnownTrees.dtproj", "{DABD480E-C15B-412D-B185-7E30798C2521}"
EndProject
Global
	GlobalSection(SolutionConfigurationPlatforms) = preSolution
		Development|Default = Development|Default
	EndGlobalSection
	GlobalSection(ProjectConfigurationPlatforms) = postSolution
		{DABD480E-C15B-412D-B185-7E30798C2521}.Development|Default.ActiveCfg = Development
		{DABD480E-C15B-412D-B185-7E30798C2521}.Development|Default.Build.0 = Development
	EndGlobalSection
	GlobalSection(SolutionProperties) = preSolution
		HideSolutionNode = FALSE
	EndGlobalSection
EndGlobal
